{
  "requires": true,
  "lockfileVersion": 1,
  "dependencies": {
    "actioncable": {
      "version": "5.2.3",
      "resolved": "https://registry.npmjs.org/actioncable/-/actioncable-5.2.3.tgz",
      "integrity": "sha512-KNdZHRDu92VDSO7SOEJS8Bf5G//LZZLz5e6m7mv8Wjafe9Svdp/DPJ/DpO7rJmPAlKcLAYwi/R7pNJ/VCHV1FQ=="
    }
  }
}
